
Microsoft Visual Studio Solution File, Format Version 12.00
# Visual Studio Version 17
VisualStudioVersion = 17.5.33627.172
MinimumVisualStudioVersion = 10.0.40219.1
Project("{FAE04EC0-301F-11D3-BF4B-00C04F79EFBC}") = "IdentityProject", "IdentityProject\IdentityProject.csproj", "{08BEB540-22F3-47FC-9070-88573C1AC216}"
EndProject
Global
	GlobalSection(SolutionConfigurationPlatforms) = preSolution
		Debug|Any CPU = Debug|Any CPU
		Release|Any CPU = Release|Any CPU
	EndGlobalSection
	GlobalSection(ProjectConfigurationPlatforms) = postSolution
		{08BEB540-22F3-47FC-9070-88573C1AC216}.Debug|Any CPU.ActiveCfg = Debug|Any CPU
		{08BEB540-22F3-47FC-9070-88573C1AC216}.Debug|Any CPU.Build.0 = Debug|Any CPU
		{08BEB540-22F3-47FC-9070-88573C1AC216}.Release|Any CPU.ActiveCfg = Release|Any CPU
		{08BEB540-22F3-47FC-9070-88573C1AC216}.Release|Any CPU.Build.0 = Release|Any CPU
	EndGlobalSection
	GlobalSection(SolutionProperties) = preSolution
		HideSolutionNode = FALSE
	EndGlobalSection
	GlobalSection(ExtensibilityGlobals) = postSolution
		SolutionGuid = {C6E946A0-93B1-4C5F-BF76-861DD6A11B45}
	EndGlobalSection
EndGlobal
